
Microsoft Visual Studio Solution File, Format Version 12.00
# Visual Studio Version 17
VisualStudioVersion = 17.14.36408.4
MinimumVisualStudioVersion = 10.0.40219.1
Project("{FAE04EC0-301F-11D3-BF4B-00C04F79EFBC}") = "TP-Ahorcado", "TP-Ahorcado\TP-Ahorcado.csproj", "{025D8E67-5965-4995-9631-652752608109}"
EndProject
Project("{FAE04EC0-301F-11D3-BF4B-00C04F79EFBC}") = "TestAhorcado", "TestAhorcado\TestAhorcado.csproj", "{96647E11-561A-4142-9060-79A8483184C1}"
EndProject
Project("{FAE04EC0-301F-11D3-BF4B-00C04F79EFBC}") = "WebAhorado", "WebAhorado\WebAhorado.csproj", "{D6013DD7-3BDB-4190-8CA6-A09E5E36C07C}"
EndProject
Project("{FAE04EC0-301F-11D3-BF4B-00C04F79EFBC}") = "ReqnrollTPAhorcado", "ReqnrollTPAhorcado\ReqnrollTPAhorcado.csproj", "{F9805E35-E7D4-4EB3-8F2C-1D925B71F3B2}"
EndProject
Global
	GlobalSection(SolutionConfigurationPlatforms) = preSolution
		Debug|Any CPU = Debug|Any CPU
		Release|Any CPU = Release|Any CPU
	EndGlobalSection
	GlobalSection(ProjectConfigurationPlatforms) = postSolution
		{025D8E67-5965-4995-9631-652752608109}.Debug|Any CPU.ActiveCfg = Debug|Any CPU
		{025D8E67-5965-4995-9631-652752608109}.Debug|Any CPU.Build.0 = Debug|Any CPU
		{025D8E67-5965-4995-9631-652752608109}.Release|Any CPU.ActiveCfg = Release|Any CPU
		{025D8E67-5965-4995-9631-652752608109}.Release|Any CPU.Build.0 = Release|Any CPU
		{96647E11-561A-4142-9060-79A8483184C1}.Debug|Any CPU.ActiveCfg = Debug|Any CPU
		{96647E11-561A-4142-9060-79A8483184C1}.Debug|Any CPU.Build.0 = Debug|Any CPU
		{96647E11-561A-4142-9060-79A8483184C1}.Release|Any CPU.ActiveCfg = Release|Any CPU
		{96647E11-561A-4142-9060-79A8483184C1}.Release|Any CPU.Build.0 = Release|Any CPU
		{D6013DD7-3BDB-4190-8CA6-A09E5E36C07C}.Debug|Any CPU.ActiveCfg = Debug|Any CPU
		{D6013DD7-3BDB-4190-8CA6-A09E5E36C07C}.Debug|Any CPU.Build.0 = Debug|Any CPU
		{D6013DD7-3BDB-4190-8CA6-A09E5E36C07C}.Release|Any CPU.ActiveCfg = Release|Any CPU
		{D6013DD7-3BDB-4190-8CA6-A09E5E36C07C}.Release|Any CPU.Build.0 = Release|Any CPU
		{F9805E35-E7D4-4EB3-8F2C-1D925B71F3B2}.Debug|Any CPU.ActiveCfg = Debug|Any CPU
		{F9805E35-E7D4-4EB3-8F2C-1D925B71F3B2}.Debug|Any CPU.Build.0 = Debug|Any CPU
		{F9805E35-E7D4-4EB3-8F2C-1D925B71F3B2}.Release|Any CPU.ActiveCfg = Release|Any CPU
		{F9805E35-E7D4-4EB3-8F2C-1D925B71F3B2}.Release|Any CPU.Build.0 = Release|Any CPU
	EndGlobalSection
	GlobalSection(SolutionProperties) = preSolution
		HideSolutionNode = FALSE
	EndGlobalSection
	GlobalSection(ExtensibilityGlobals) = postSolution
		SolutionGuid = {1896417D-9007-4F38-93B5-043199FFEB0F}
	EndGlobalSection
EndGlobal
